// !$*UTF8*$!
{
	archiveVersion = 1;
	classes = {
	};
	objectVersion = 56;
	objects = {

/* Begin PBXBuildFile section */
		7D140FC02AC65F4A00B7FF0D /* NotesScreen.swift in Sources */ = {isa = PBXBuildFile; fileRef = 7D140FBF2AC65F4A00B7FF0D /* NotesScreen.swift */; };
		7D140FC22AC65F5800B7FF0D /* NotesViewModel.swift in Sources */ = {isa = PBXBuildFile; fileRef = 7D140FC12AC65F5800B7FF0D /* NotesViewModel.swift */; };
		7D140FC42AC65F6900B7FF0D /* NotesUiState.swift in Sources */ = {isa = PBXBuildFile; fileRef = 7D140FC32AC65F6900B7FF0D /* NotesUiState.swift */; };
		7D3749FA2B0F631200F6D5DD /* NoteEditorScreen.swift in Sources */ = {isa = PBXBuildFile; fileRef = 7D3749F92B0F631200F6D5DD /* NoteEditorScreen.swift */; };
		7D70A68E2AD6D32900856337 /* SwiftUIMasonry in Frameworks */ = {isa = PBXBuildFile; productRef = 7D70A68D2AD6D32900856337 /* SwiftUIMasonry */; };
		7D76A9BB2B0FE3960017F1B5 /* NoteEditorViewModel.swift in Sources */ = {isa = PBXBuildFile; fileRef = 7D76A9BA2B0FE3960017F1B5 /* NoteEditorViewModel.swift */; };
		7D76A9BD2B0FE3D30017F1B5 /* NoteEditorUiState.swift in Sources */ = {isa = PBXBuildFile; fileRef = 7D76A9BC2B0FE3D30017F1B5 /* NoteEditorUiState.swift */; };
		7DA2D03B2B45D06A00528CBE /* StickyNote.swift in Sources */ = {isa = PBXBuildFile; fileRef = 7DA2D03A2B45D06A00528CBE /* StickyNote.swift */; };
		7DE6D13F2B3B161F0081A5BE /* ContentView.swift in Sources */ = {isa = PBXBuildFile; fileRef = 7DE6D13E2B3B161F0081A5BE /* ContentView.swift */; };
		7DEAF2C12AC656C500B6D6BC /* NoteRepository.swift in Sources */ = {isa = PBXBuildFile; fileRef = 7DEAF2C02AC656C500B6D6BC /* NoteRepository.swift */; };
		7DEAF2C52AC656EE00B6D6BC /* Note.swift in Sources */ = {isa = PBXBuildFile; fileRef = 7DEAF2C42AC656EE00B6D6BC /* Note.swift */; };
		7DEAF2C72AC656FE00B6D6BC /* NoteRepositoryImpl.swift in Sources */ = {isa = PBXBuildFile; fileRef = 7DEAF2C62AC656FD00B6D6BC /* NoteRepositoryImpl.swift */; };
		7DF293A42ABF413800414A6D /* NotesApp.swift in Sources */ = {isa = PBXBuildFile; fileRef = 7DF293A32ABF413800414A6D /* NotesApp.swift */; };
		7DF293A82ABF413900414A6D /* Assets.xcassets in Resources */ = {isa = PBXBuildFile; fileRef = 7DF293A72ABF413900414A6D /* Assets.xcassets */; };
		7DF293AC2ABF413900414A6D /* Preview Assets.xcassets in Resources */ = {isa = PBXBuildFile; fileRef = 7DF293AB2ABF413900414A6D /* Preview Assets.xcassets */; };
		7DF293B62ABF413900414A6D /* NotesTests.swift in Sources */ = {isa = PBXBuildFile; fileRef = 7DF293B52ABF413900414A6D /* NotesTests.swift */; };
		7DF293C02ABF413900414A6D /* NotesUITests.swift in Sources */ = {isa = PBXBuildFile; fileRef = 7DF293BF2ABF413900414A6D /* NotesUITests.swift */; };
		7DF293C22ABF413900414A6D /* NotesUITestsLaunchTests.swift in Sources */ = {isa = PBXBuildFile; fileRef = 7DF293C12ABF413900414A6D /* NotesUITestsLaunchTests.swift */; };
/* End PBXBuildFile section */

/* Begin PBXContainerItemProxy section */
		7DF293B22ABF413900414A6D /* PBXContainerItemProxy */ = {
			isa = PBXContainerItemProxy;
			containerPortal = 7DF293982ABF413800414A6D /* Project object */;
			proxyType = 1;
			remoteGlobalIDString = 7DF2939F2ABF413800414A6D;
			remoteInfo = Notes;
		};
		7DF293BC2ABF413900414A6D /* PBXContainerItemProxy */ = {
			isa = PBXContainerItemProxy;
			containerPortal = 7DF293982ABF413800414A6D /* Project object */;
			proxyType = 1;
			remoteGlobalIDString = 7DF2939F2ABF413800414A6D;
			remoteInfo = Notes;
		};
/* End PBXContainerItemProxy section */

/* Begin PBXFileReference section */
		7D140FBF2AC65F4A00B7FF0D /* NotesScreen.swift */ = {isa = PBXFileReference; lastKnownFileType = sourcecode.swift; path = NotesScreen.swift; sourceTree = "<group>"; };
		7D140FC12AC65F5800B7FF0D /* NotesViewModel.swift */ = {isa = PBXFileReference; lastKnownFileType = sourcecode.swift; path = NotesViewModel.swift; sourceTree = "<group>"; };
		7D140FC32AC65F6900B7FF0D /* NotesUiState.swift */ = {isa = PBXFileReference; lastKnownFileType = sourcecode.swift; path = NotesUiState.swift; sourceTree = "<group>"; };
		7D3749F92B0F631200F6D5DD /* NoteEditorScreen.swift */ = {isa = PBXFileReference; lastKnownFileType = sourcecode.swift; path = NoteEditorScreen.swift; sourceTree = "<group>"; };
		7D76A9BA2B0FE3960017F1B5 /* NoteEditorViewModel.swift */ = {isa = PBXFileReference; lastKnownFileType = sourcecode.swift; path = NoteEditorViewModel.swift; sourceTree = "<group>"; };
		7D76A9BC2B0FE3D30017F1B5 /* NoteEditorUiState.swift */ = {isa = PBXFileReference; lastKnownFileType = sourcecode.swift; path = NoteEditorUiState.swift; sourceTree = "<group>"; };
		7DA2D03A2B45D06A00528CBE /* StickyNote.swift */ = {isa = PBXFileReference; lastKnownFileType = sourcecode.swift; path = StickyNote.swift; sourceTree = "<group>"; };
		7DE6D13E2B3B161F0081A5BE /* ContentView.swift */ = {isa = PBXFileReference; lastKnownFileType = sourcecode.swift; path = ContentView.swift; sourceTree = "<group>"; };
		7DEAF2C02AC656C500B6D6BC /* NoteRepository.swift */ = {isa = PBXFileReference; lastKnownFileType = sourcecode.swift; path = NoteRepository.swift; sourceTree = "<group>"; };
		7DEAF2C42AC656EE00B6D6BC /* Note.swift */ = {isa = PBXFileReference; lastKnownFileType = sourcecode.swift; path = Note.swift; sourceTree = "<group>"; };
		7DEAF2C62AC656FD00B6D6BC /* NoteRepositoryImpl.swift */ = {isa = PBXFileReference; lastKnownFileType = sourcecode.swift; path = NoteRepositoryImpl.swift; sourceTree = "<group>"; };
		7DF293A02ABF413800414A6D /* Notes.app */ = {isa = PBXFileReference; explicitFileType = wrapper.application; includeInIndex = 0; path = Notes.app; sourceTree = BUILT_PRODUCTS_DIR; };
		7DF293A32ABF413800414A6D /* NotesApp.swift */ = {isa = PBXFileReference; lastKnownFileType = sourcecode.swift; path = NotesApp.swift; sourceTree = "<group>"; };
		7DF293A72ABF413900414A6D /* Assets.xcassets */ = {isa = PBXFileReference; lastKnownFileType = folder.assetcatalog; path = Assets.xcassets; sourceTree = "<group>"; };
		7DF293A92ABF413900414A6D /* Notes.entitlements */ = {isa = PBXFileReference; lastKnownFileType = text.plist.entitlements; path = Notes.entitlements; sourceTree = "<group>"; };
		7DF293AB2ABF413900414A6D /* Preview Assets.xcassets */ = {isa = PBXFileReference; lastKnownFileType = folder.assetcatalog; path = "Preview Assets.xcassets"; sourceTree = "<group>"; };
		7DF293B12ABF413900414A6D /* NotesTests.xctest */ = {isa = PBXFileReference; explicitFileType = wrapper.cfbundle; includeInIndex = 0; path = NotesTests.xctest; sourceTree = BUILT_PRODUCTS_DIR; };
		7DF293B52ABF413900414A6D /* NotesTests.swift */ = {isa = PBXFileReference; lastKnownFileType = sourcecode.swift; path = NotesTests.swift; sourceTree = "<group>"; };
		7DF293BB2ABF413900414A6D /* NotesUITests.xctest */ = {isa = PBXFileReference; explicitFileType = wrapper.cfbundle; includeInIndex = 0; path = NotesUITests.xctest; sourceTree = BUILT_PRODUCTS_DIR; };
		7DF293BF2ABF413900414A6D /* NotesUITests.swift */ = {isa = PBXFileReference; lastKnownFileType = sourcecode.swift; path = NotesUITests.swift; sourceTree = "<group>"; };
		7DF293C12ABF413900414A6D /* NotesUITestsLaunchTests.swift */ = {isa = PBXFileReference; lastKnownFileType = sourcecode.swift; path = NotesUITestsLaunchTests.swift; sourceTree = "<group>"; };
/* End PBXFileReference section */

/* Begin PBXFrameworksBuildPhase section */
		7DF2939D2ABF413800414A6D /* Frameworks */ = {
			isa = PBXFrameworksBuildPhase;
			buildActionMask = 2147483647;
			files = (
				7D70A68E2AD6D32900856337 /* SwiftUIMasonry in Frameworks */,
			);
			runOnlyForDeploymentPostprocessing = 0;
		};
		7DF293AE2ABF413900414A6D /* Frameworks */ = {
			isa = PBXFrameworksBuildPhase;
			buildActionMask = 2147483647;
			files = (
			);
			runOnlyForDeploymentPostprocessing = 0;
		};
		7DF293B82ABF413900414A6D /* Frameworks */ = {
			isa = PBXFrameworksBuildPhase;
			buildActionMask = 2147483647;
			files = (
			);
			runOnlyForDeploymentPostprocessing = 0;
		};
/* End PBXFrameworksBuildPhase section */

/* Begin PBXGroup section */
		7D140FBC2AC65F2200B7FF0D /* UI */ = {
			isa = PBXGroup;
			children = (
				7DB69C3A2B407017000CF6D2 /* Components */,
				7D140FBD2AC65F2900B7FF0D /* Screen */,
			);
			name = UI;
			path = Data/UI;
			sourceTree = "<group>";
		};
		7D140FBD2AC65F2900B7FF0D /* Screen */ = {
			isa = PBXGroup;
			children = (
				7D3749F82B0F62BB00F6D5DD /* Note Editor */,
				7D140FBE2AC65F3C00B7FF0D /* Notes */,
			);
			path = Screen;
			sourceTree = "<group>";
		};
		7D140FBE2AC65F3C00B7FF0D /* Notes */ = {
			isa = PBXGroup;
			children = (
				7D140FBF2AC65F4A00B7FF0D /* NotesScreen.swift */,
				7D140FC12AC65F5800B7FF0D /* NotesViewModel.swift */,
				7D140FC32AC65F6900B7FF0D /* NotesUiState.swift */,
			);
			path = Notes;
			sourceTree = "<group>";
		};
		7D3749F82B0F62BB00F6D5DD /* Note Editor */ = {
			isa = PBXGroup;
			children = (
				7D3749F92B0F631200F6D5DD /* NoteEditorScreen.swift */,
				7D76A9BA2B0FE3960017F1B5 /* NoteEditorViewModel.swift */,
				7D76A9BC2B0FE3D30017F1B5 /* NoteEditorUiState.swift */,
			);
			path = "Note Editor";
			sourceTree = "<group>";
		};
		7DB69C3A2B407017000CF6D2 /* Components */ = {
			isa = PBXGroup;
			children = (
				7DA2D03A2B45D06A00528CBE /* StickyNote.swift */,
			);
			path = Components;
			sourceTree = "<group>";
		};
		7DEAF2BF2AC656B000B6D6BC /* Data */ = {
			isa = PBXGroup;
			children = (
				7DEAF2C32AC656DD00B6D6BC /* Repository */,
				7DEAF2C22AC656CB00B6D6BC /* Model */,
			);
			path = Data;
			sourceTree = "<group>";
		};
		7DEAF2C22AC656CB00B6D6BC /* Model */ = {
			isa = PBXGroup;
			children = (
				7DEAF2C42AC656EE00B6D6BC /* Note.swift */,
			);
			path = Model;
			sourceTree = "<group>";
		};
		7DEAF2C32AC656DD00B6D6BC /* Repository */ = {
			isa = PBXGroup;
			children = (
				7DEAF2C02AC656C500B6D6BC /* NoteRepository.swift */,
				7DEAF2C62AC656FD00B6D6BC /* NoteRepositoryImpl.swift */,
			);
			path = Repository;
			sourceTree = "<group>";
		};
		7DF293972ABF413800414A6D = {
			isa = PBXGroup;
			children = (
				7DF293A22ABF413800414A6D /* Notes */,
				7DF293B42ABF413900414A6D /* NotesTests */,
				7DF293BE2ABF413900414A6D /* NotesUITests */,
				7DF293A12ABF413800414A6D /* Products */,
			);
			sourceTree = "<group>";
		};
		7DF293A12ABF413800414A6D /* Products */ = {
			isa = PBXGroup;
			children = (
				7DF293A02ABF413800414A6D /* Notes.app */,
				7DF293B12ABF413900414A6D /* NotesTests.xctest */,
				7DF293BB2ABF413900414A6D /* NotesUITests.xctest */,
			);
			name = Products;
			sourceTree = "<group>";
		};
		7DF293A22ABF413800414A6D /* Notes */ = {
			isa = PBXGroup;
			children = (
				7D140FBC2AC65F2200B7FF0D /* UI */,
				7DEAF2BF2AC656B000B6D6BC /* Data */,
				7DE6D13E2B3B161F0081A5BE /* ContentView.swift */,
				7DF293A32ABF413800414A6D /* NotesApp.swift */,
				7DF293A72ABF413900414A6D /* Assets.xcassets */,
				7DF293A92ABF413900414A6D /* Notes.entitlements */,
				7DF293AA2ABF413900414A6D /* Preview Content */,
			);
			path = Notes;
			sourceTree = "<group>";
		};
		7DF293AA2ABF413900414A6D /* Preview Content */ = {
			isa = PBXGroup;
			children = (
				7DF293AB2ABF413900414A6D /* Preview Assets.xcassets */,
			);
			path = "Preview Content";
			sourceTree = "<group>";
		};
		7DF293B42ABF413900414A6D /* NotesTests */ = {
			isa = PBXGroup;
			children = (
				7DF293B52ABF413900414A6D /* NotesTests.swift */,
			);
			path = NotesTests;
			sourceTree = "<group>";
		};
		7DF293BE2ABF413900414A6D /* NotesUITests */ = {
			isa = PBXGroup;
			children = (
				7DF293BF2ABF413900414A6D /* NotesUITests.swift */,
				7DF293C12ABF413900414A6D /* NotesUITestsLaunchTests.swift */,
			);
			path = NotesUITests;
			sourceTree = "<group>";
		};
/* End PBXGroup section */

/* Begin PBXNativeTarget section */
		7DF2939F2ABF413800414A6D /* Notes */ = {
			isa = PBXNativeTarget;
			buildConfigurationList = 7DF293C52ABF413900414A6D /* Build configuration list for PBXNativeTarget "Notes" */;
			buildPhases = (
				7DF2939C2ABF413800414A6D /* Sources */,
				7DF2939D2ABF413800414A6D /* Frameworks */,
				7DF2939E2ABF413800414A6D /* Resources */,
			);
			buildRules = (
			);
			dependencies = (
			);
			name = Notes;
			packageProductDependencies = (
				7D70A68D2AD6D32900856337 /* SwiftUIMasonry */,
			);
			productName = Notes;
			productReference = 7DF293A02ABF413800414A6D /* Notes.app */;
			productType = "com.apple.product-type.application";
		};
		7DF293B02ABF413900414A6D /* NotesTests */ = {
			isa = PBXNativeTarget;
			buildConfigurationList = 7DF293C82ABF413900414A6D /* Build configuration list for PBXNativeTarget "NotesTests" */;
			buildPhases = (
				7DF293AD2ABF413900414A6D /* Sources */,
				7DF293AE2ABF413900414A6D /* Frameworks */,
				7DF293AF2ABF413900414A6D /* Resources */,
			);
			buildRules = (
			);
			dependencies = (
				7DF293B32ABF413900414A6D /* PBXTargetDependency */,
			);
			name = NotesTests;
			productName = NotesTests;
			productReference = 7DF293B12ABF413900414A6D /* NotesTests.xctest */;
			productType = "com.apple.product-type.bundle.unit-test";
		};
		7DF293BA2ABF413900414A6D /* NotesUITests */ = {
			isa = PBXNativeTarget;
			buildConfigurationList = 7DF293CB2ABF413900414A6D /* Build configuration list for PBXNativeTarget "NotesUITests" */;
			buildPhases = (
				7DF293B72ABF413900414A6D /* Sources */,
				7DF293B82ABF413900414A6D /* Frameworks */,
				7DF293B92ABF413900414A6D /* Resources */,
			);
			buildRules = (
			);
			dependencies = (
				7DF293BD2ABF413900414A6D /* PBXTargetDependency */,
			);
			name = NotesUITests;
			productName = NotesUITests;
			productReference = 7DF293BB2ABF413900414A6D /* NotesUITests.xctest */;
			productType = "com.apple.product-type.bundle.ui-testing";
		};
/* End PBXNativeTarget section */

/* Begin PBXProject section */
		7DF293982ABF413800414A6D /* Project object */ = {
			isa = PBXProject;
			attributes = {
				BuildIndependentTargetsInParallel = 1;
				LastSwiftUpdateCheck = 1500;
				LastUpgradeCheck = 1510;
				TargetAttributes = {
					7DF2939F2ABF413800414A6D = {
						CreatedOnToolsVersion = 15.0;
					};
					7DF293B02ABF413900414A6D = {
						CreatedOnToolsVersion = 15.0;
						TestTargetID = 7DF2939F2ABF413800414A6D;
					};
					7DF293BA2ABF413900414A6D = {
						CreatedOnToolsVersion = 15.0;
						TestTargetID = 7DF2939F2ABF413800414A6D;
					};
				};
			};
			buildConfigurationList = 7DF2939B2ABF413800414A6D /* Build configuration list for PBXProject "Notes" */;
			compatibilityVersion = "Xcode 14.0";
			developmentRegion = en;
			hasScannedForEncodings = 0;
			knownRegions = (
				en,
				Base,
			);
			mainGroup = 7DF293972ABF413800414A6D;
			packageReferences = (
				7D70A68C2AD6D32900856337 /* XCRemoteSwiftPackageReference "SwiftUIMasonry" */,
			);
			productRefGroup = 7DF293A12ABF413800414A6D /* Products */;
			projectDirPath = "";
			projectRoot = "";
			targets = (
				7DF2939F2ABF413800414A6D /* Notes */,
				7DF293B02ABF413900414A6D /* NotesTests */,
				7DF293BA2ABF413900414A6D /* NotesUITests */,
			);
		};
/* End PBXProject section */

/* Begin PBXResourcesBuildPhase section */
		7DF2939E2ABF413800414A6D /* Resources */ = {
			isa = PBXResourcesBuildPhase;
			buildActionMask = 2147483647;
			files = (
				7DF293AC2ABF413900414A6D /* Preview Assets.xcassets in Resources */,
				7DF293A82ABF413900414A6D /* Assets.xcassets in Resources */,
			);
			runOnlyForDeploymentPostprocessing = 0;
		};
		7DF293AF2ABF413900414A6D /* Resources */ = {
			isa = PBXResourcesBuildPhase;
			buildActionMask = 2147483647;
			files = (
			);
			runOnlyForDeploymentPostprocessing = 0;
		};
		7DF293B92ABF413900414A6D /* Resources */ = {
			isa = PBXResourcesBuildPhase;
			buildActionMask = 2147483647;
			files = (
			);
			runOnlyForDeploymentPostprocessing = 0;
		};
/* End PBXResourcesBuildPhase section */

/* Begin PBXSourcesBuildPhase section */
		7DF2939C2ABF413800414A6D /* Sources */ = {
			isa = PBXSourcesBuildPhase;
			buildActionMask = 2147483647;
			files = (
				7D76A9BD2B0FE3D30017F1B5 /* NoteEditorUiState.swift in Sources */,
				7DEAF2C12AC656C500B6D6BC /* NoteRepository.swift in Sources */,
				7DE6D13F2B3B161F0081A5BE /* ContentView.swift in Sources */,
				7D76A9BB2B0FE3960017F1B5 /* NoteEditorViewModel.swift in Sources */,
				7D140FC22AC65F5800B7FF0D /* NotesViewModel.swift in Sources */,
				7DA2D03B2B45D06A00528CBE /* StickyNote.swift in Sources */,
				7D140FC02AC65F4A00B7FF0D /* NotesScreen.swift in Sources */,
				7DF293A42ABF413800414A6D /* NotesApp.swift in Sources */,
				7D3749FA2B0F631200F6D5DD /* NoteEditorScreen.swift in Sources */,
				7D140FC42AC65F6900B7FF0D /* NotesUiState.swift in Sources */,
				7DEAF2C52AC656EE00B6D6BC /* Note.swift in Sources */,
				7DEAF2C72AC656FE00B6D6BC /* NoteRepositoryImpl.swift in Sources */,
			);
			runOnlyForDeploymentPostprocessing = 0;
		};
		7DF293AD2ABF413900414A6D /* Sources */ = {
			isa = PBXSourcesBuildPhase;
			buildActionMask = 2147483647;
			files = (
				7DF293B62ABF413900414A6D /* NotesTests.swift in Sources */,
			);
			runOnlyForDeploymentPostprocessing = 0;
		};
		7DF293B72ABF413900414A6D /* Sources */ = {
			isa = PBXSourcesBuildPhase;
			buildActionMask = 2147483647;
			files = (
				7DF293C22ABF413900414A6D /* NotesUITestsLaunchTests.swift in Sources */,
				7DF293C02ABF413900414A6D /* NotesUITests.swift in Sources */,
			);
			runOnlyForDeploymentPostprocessing = 0;
		};
/* End PBXSourcesBuildPhase section */

/* Begin PBXTargetDependency section */
		7DF293B32ABF413900414A6D /* PBXTargetDependency */ = {
			isa = PBXTargetDependency;
			target = 7DF2939F2ABF413800414A6D /* Notes */;
			targetProxy = 7DF293B22ABF413900414A6D /* PBXContainerItemProxy */;
		};
		7DF293BD2ABF413900414A6D /* PBXTargetDependency */ = {
			isa = PBXTargetDependency;
			target = 7DF2939F2ABF413800414A6D /* Notes */;
			targetProxy = 7DF293BC2ABF413900414A6D /* PBXContainerItemProxy */;
		};
/* End PBXTargetDependency section */

/* Begin XCBuildConfiguration section */
		7DF293C32ABF413900414A6D /* Debug */ = {
			isa = XCBuildConfiguration;
			buildSettings = {
				ALWAYS_SEARCH_USER_PATHS = NO;
				ASSETCATALOG_COMPILER_GENERATE_SWIFT_ASSET_SYMBOL_EXTENSIONS = YES;
				CLANG_ANALYZER_NONNULL = YES;
				CLANG_ANALYZER_NUMBER_OBJECT_CONVERSION = YES_AGGRESSIVE;
				CLANG_CXX_LANGUAGE_STANDARD = "gnu++20";
				CLANG_ENABLE_MODULES = YES;
				CLANG_ENABLE_OBJC_ARC = YES;
				CLANG_ENABLE_OBJC_WEAK = YES;
				CLANG_WARN_BLOCK_CAPTURE_AUTORELEASING = YES;
				CLANG_WARN_BOOL_CONVERSION = YES;
				CLANG_WARN_COMMA = YES;
				CLANG_WARN_CONSTANT_CONVERSION = YES;
				CLANG_WARN_DEPRECATED_OBJC_IMPLEMENTATIONS = YES;
				CLANG_WARN_DIRECT_OBJC_ISA_USAGE = YES_ERROR;
				CLANG_WARN_DOCUMENTATION_COMMENTS = YES;
				CLANG_WARN_EMPTY_BODY = YES;
				CLANG_WARN_ENUM_CONVERSION = YES;
				CLANG_WARN_INFINITE_RECURSION = YES;
				CLANG_WARN_INT_CONVERSION = YES;
				CLANG_WARN_NON_LITERAL_NULL_CONVERSION = YES;
				CLANG_WARN_OBJC_IMPLICIT_RETAIN_SELF = YES;
				CLANG_WARN_OBJC_LITERAL_CONVERSION = YES;
				CLANG_WARN_OBJC_ROOT_CLASS = YES_ERROR;
				CLANG_WARN_QUOTED_INCLUDE_IN_FRAMEWORK_HEADER = YES;
				CLANG_WARN_RANGE_LOOP_ANALYSIS = YES;
				CLANG_WARN_STRICT_PROTOTYPES = YES;
				CLANG_WARN_SUSPICIOUS_MOVE = YES;
				CLANG_WARN_UNGUARDED_AVAILABILITY = YES_AGGRESSIVE;
				CLANG_WARN_UNREACHABLE_CODE = YES;
				CLANG_WARN__DUPLICATE_METHOD_MATCH = YES;
				COPY_PHASE_STRIP = NO;
				DEAD_CODE_STRIPPING = YES;
				DEBUG_INFORMATION_FORMAT = dwarf;
				ENABLE_STRICT_OBJC_MSGSEND = YES;
				ENABLE_TESTABILITY = YES;
				ENABLE_USER_SCRIPT_SANDBOXING = YES;
				GCC_C_LANGUAGE_STANDARD = gnu17;
				GCC_DYNAMIC_NO_PIC = NO;
				GCC_NO_COMMON_BLOCKS = YES;
				GCC_OPTIMIZATION_LEVEL = 0;
				GCC_PREPROCESSOR_DEFINITIONS = (
					"DEBUG=1",
					"$(inherited)",
				);
				GCC_WARN_64_TO_32_BIT_CONVERSION = YES;
				GCC_WARN_ABOUT_RETURN_TYPE = YES_ERROR;
				GCC_WARN_UNDECLARED_SELECTOR = YES;
				GCC_WARN_UNINITIALIZED_AUTOS = YES_AGGRESSIVE;
				GCC_WARN_UNUSED_FUNCTION = YES;
				GCC_WARN_UNUSED_VARIABLE = YES;
				LOCALIZATION_PREFERS_STRING_CATALOGS = YES;
				MTL_ENABLE_DEBUG_INFO = INCLUDE_SOURCE;
				MTL_FAST_MATH = YES;
				ONLY_ACTIVE_ARCH = YES;
				SWIFT_ACTIVE_COMPILATION_CONDITIONS = "DEBUG $(inherited)";
				SWIFT_OPTIMIZATION_LEVEL = "-Onone";
			};
			name = Debug;
		};
		7DF293C42ABF413900414A6D /* Release */ = {
			isa = XCBuildConfiguration;
			buildSettings = {
				ALWAYS_SEARCH_USER_PATHS = NO;
				ASSETCATALOG_COMPILER_GENERATE_SWIFT_ASSET_SYMBOL_EXTENSIONS = YES;
				CLANG_ANALYZER_NONNULL = YES;
				CLANG_ANALYZER_NUMBER_OBJECT_CONVERSION = YES_AGGRESSIVE;
				CLANG_CXX_LANGUAGE_STANDARD = "gnu++20";
				CLANG_ENABLE_MODULES = YES;
				CLANG_ENABLE_OBJC_ARC = YES;
				CLANG_ENABLE_OBJC_WEAK = YES;
				CLANG_WARN_BLOCK_CAPTURE_AUTORELEASING = YES;
				CLANG_WARN_BOOL_CONVERSION = YES;
				CLANG_WARN_COMMA = YES;
				CLANG_WARN_CONSTANT_CONVERSION = YES;
				CLANG_WARN_DEPRECATED_OBJC_IMPLEMENTATIONS = YES;
				CLANG_WARN_DIRECT_OBJC_ISA_USAGE = YES_ERROR;
				CLANG_WARN_DOCUMENTATION_COMMENTS = YES;
				CLANG_WARN_EMPTY_BODY = YES;
				CLANG_WARN_ENUM_CONVERSION = YES;
				CLANG_WARN_INFINITE_RECURSION = YES;
				CLANG_WARN_INT_CONVERSION = YES;
				CLANG_WARN_NON_LITERAL_NULL_CONVERSION = YES;
				CLANG_WARN_OBJC_IMPLICIT_RETAIN_SELF = YES;
				CLANG_WARN_OBJC_LITERAL_CONVERSION = YES;
				CLANG_WARN_OBJC_ROOT_CLASS = YES_ERROR;
				CLANG_WARN_QUOTED_INCLUDE_IN_FRAMEWORK_HEADER = YES;
				CLANG_WARN_RANGE_LOOP_ANALYSIS = YES;
				CLANG_WARN_STRICT_PROTOTYPES = YES;
				CLANG_WARN_SUSPICIOUS_MOVE = YES;
				CLANG_WARN_UNGUARDED_AVAILABILITY = YES_AGGRESSIVE;
				CLANG_WARN_UNREACHABLE_CODE = YES;
				CLANG_WARN__DUPLICATE_METHOD_MATCH = YES;
				COPY_PHASE_STRIP = NO;
				DEAD_CODE_STRIPPING = YES;
				DEBUG_INFORMATION_FORMAT = "dwarf-with-dsym";
				ENABLE_NS_ASSERTIONS = NO;
				ENABLE_STRICT_OBJC_MSGSEND = YES;
				ENABLE_USER_SCRIPT_SANDBOXING = YES;
				GCC_C_LANGUAGE_STANDARD = gnu17;
				GCC_NO_COMMON_BLOCKS = YES;
				GCC_WARN_64_TO_32_BIT_CONVERSION = YES;
				GCC_WARN_ABOUT_RETURN_TYPE = YES_ERROR;
				GCC_WARN_UNDECLARED_SELECTOR = YES;
				GCC_WARN_UNINITIALIZED_AUTOS = YES_AGGRESSIVE;
				GCC_WARN_UNUSED_FUNCTION = YES;
				GCC_WARN_UNUSED_VARIABLE = YES;
				LOCALIZATION_PREFERS_STRING_CATALOGS = YES;
				MTL_ENABLE_DEBUG_INFO = NO;
				MTL_FAST_MATH = YES;
				SWIFT_COMPILATION_MODE = wholemodule;
			};
			name = Release;
		};
		7DF293C62ABF413900414A6D /* Debug */ = {
			isa = XCBuildConfiguration;
			buildSettings = {
				ASSETCATALOG_COMPILER_APPICON_NAME = AppIcon;
				ASSETCATALOG_COMPILER_GLOBAL_ACCENT_COLOR_NAME = AccentColor;
				CODE_SIGN_ENTITLEMENTS = Notes/Notes.entitlements;
				CODE_SIGN_STYLE = Automatic;
				CURRENT_PROJECT_VERSION = 1;
				DEAD_CODE_STRIPPING = YES;
				DEVELOPMENT_ASSET_PATHS = "\"Notes/Preview Content\"";
				ENABLE_PREVIEWS = YES;
				GENERATE_INFOPLIST_FILE = YES;
				"INFOPLIST_KEY_UIApplicationSceneManifest_Generation[sdk=iphoneos*]" = YES;
				"INFOPLIST_KEY_UIApplicationSceneManifest_Generation[sdk=iphonesimulator*]" = YES;
				"INFOPLIST_KEY_UIApplicationSupportsIndirectInputEvents[sdk=iphoneos*]" = YES;
				"INFOPLIST_KEY_UIApplicationSupportsIndirectInputEvents[sdk=iphonesimulator*]" = YES;
				"INFOPLIST_KEY_UILaunchScreen_Generation[sdk=iphoneos*]" = YES;
				"INFOPLIST_KEY_UILaunchScreen_Generation[sdk=iphonesimulator*]" = YES;
				"INFOPLIST_KEY_UIStatusBarStyle[sdk=iphoneos*]" = UIStatusBarStyleDefault;
				"INFOPLIST_KEY_UIStatusBarStyle[sdk=iphonesimulator*]" = UIStatusBarStyleDefault;
				INFOPLIST_KEY_UISupportedInterfaceOrientations_iPad = "UIInterfaceOrientationPortrait UIInterfaceOrientationPortraitUpsideDown UIInterfaceOrientationLandscapeLeft UIInterfaceOrientationLandscapeRight";
				INFOPLIST_KEY_UISupportedInterfaceOrientations_iPhone = "UIInterfaceOrientationPortrait UIInterfaceOrientationLandscapeLeft UIInterfaceOrientationLandscapeRight";
				IPHONEOS_DEPLOYMENT_TARGET = 17.0;
				LD_RUNPATH_SEARCH_PATHS = "@executable_path/Frameworks";
				"LD_RUNPATH_SEARCH_PATHS[sdk=macosx*]" = "@executable_path/../Frameworks";
				MACOSX_DEPLOYMENT_TARGET = 13.6;
				MARKETING_VERSION = 1.0;
				PRODUCT_BUNDLE_IDENTIFIER = com.adrianotelesc.Notes;
				PRODUCT_NAME = "$(TARGET_NAME)";
				SDKROOT = auto;
				SUPPORTED_PLATFORMS = "iphoneos iphonesimulator macosx";
				SWIFT_EMIT_LOC_STRINGS = YES;
				SWIFT_VERSION = 5.0;
				TARGETED_DEVICE_FAMILY = "1,2";
			};
			name = Debug;
		};
		7DF293C72ABF413900414A6D /* Release */ = {
			isa = XCBuildConfiguration;
			buildSettings = {
				ASSETCATALOG_COMPILER_APPICON_NAME = AppIcon;
				ASSETCATALOG_COMPILER_GLOBAL_ACCENT_COLOR_NAME = AccentColor;
				CODE_SIGN_ENTITLEMENTS = Notes/Notes.entitlements;
				CODE_SIGN_STYLE = Automatic;
				CURRENT_PROJECT_VERSION = 1;
				DEAD_CODE_STRIPPING = YES;
				DEVELOPMENT_ASSET_PATHS = "\"Notes/Preview Content\"";
				ENABLE_PREVIEWS = YES;
				GENERATE_INFOPLIST_FILE = YES;
				"INFOPLIST_KEY_UIApplicationSceneManifest_Generation[sdk=iphoneos*]" = YES;
				"INFOPLIST_KEY_UIApplicationSceneManifest_Generation[sdk=iphonesimulator*]" = YES;
				"INFOPLIST_KEY_UIApplicationSupportsIndirectInputEvents[sdk=iphoneos*]" = YES;
				"INFOPLIST_KEY_UIApplicationSupportsIndirectInputEvents[sdk=iphonesimulator*]" = YES;
				"INFOPLIST_KEY_UILaunchScreen_Generation[sdk=iphoneos*]" = YES;
				"INFOPLIST_KEY_UILaunchScreen_Generation[sdk=iphonesimulator*]" = YES;
				"INFOPLIST_KEY_UIStatusBarStyle[sdk=iphoneos*]" = UIStatusBarStyleDefault;
				"INFOPLIST_KEY_UIStatusBarStyle[sdk=iphonesimulator*]" = UIStatusBarStyleDefault;
				INFOPLIST_KEY_UISupportedInterfaceOrientations_iPad = "UIInterfaceOrientationPortrait UIInterfaceOrientationPortraitUpsideDown UIInterfaceOrientationLandscapeLeft UIInterfaceOrientationLandscapeRight";
				INFOPLIST_KEY_UISupportedInterfaceOrientations_iPhone = "UIInterfaceOrientationPortrait UIInterfaceOrientationLandscapeLeft UIInterfaceOrientationLandscapeRight";
				IPHONEOS_DEPLOYMENT_TARGET = 17.0;
				LD_RUNPATH_SEARCH_PATHS = "@executable_path/Frameworks";
				"LD_RUNPATH_SEARCH_PATHS[sdk=macosx*]" = "@executable_path/../Frameworks";
				MACOSX_DEPLOYMENT_TARGET = 13.6;
				MARKETING_VERSION = 1.0;
				PRODUCT_BUNDLE_IDENTIFIER = com.adrianotelesc.Notes;
				PRODUCT_NAME = "$(TARGET_NAME)";
				SDKROOT = auto;
				SUPPORTED_PLATFORMS = "iphoneos iphonesimulator macosx";
				SWIFT_EMIT_LOC_STRINGS = YES;
				SWIFT_VERSION = 5.0;
				TARGETED_DEVICE_FAMILY = "1,2";
			};
			name = Release;
		};
		7DF293C92ABF413900414A6D /* Debug */ = {
			isa = XCBuildConfiguration;
			buildSettings = {
				ALWAYS_EMBED_SWIFT_STANDARD_LIBRARIES = YES;
				BUNDLE_LOADER = "$(TEST_HOST)";
				CODE_SIGN_STYLE = Automatic;
				CURRENT_PROJECT_VERSION = 1;
				DEAD_CODE_STRIPPING = YES;
				GENERATE_INFOPLIST_FILE = YES;
				IPHONEOS_DEPLOYMENT_TARGET = 17.0;
				MACOSX_DEPLOYMENT_TARGET = 13.6;
				MARKETING_VERSION = 1.0;
				PRODUCT_BUNDLE_IDENTIFIER = com.adrianotelesc.NotesTests;
				PRODUCT_NAME = "$(TARGET_NAME)";
				SDKROOT = auto;
				SUPPORTED_PLATFORMS = "iphoneos iphonesimulator macosx";
				SWIFT_EMIT_LOC_STRINGS = NO;
				SWIFT_VERSION = 5.0;
				TARGETED_DEVICE_FAMILY = "1,2";
				TEST_HOST = "$(BUILT_PRODUCTS_DIR)/Notes.app/$(BUNDLE_EXECUTABLE_FOLDER_PATH)/Notes";
			};
			name = Debug;
		};
		7DF293CA2ABF413900414A6D /* Release */ = {
			isa = XCBuildConfiguration;
			buildSettings = {
				ALWAYS_EMBED_SWIFT_STANDARD_LIBRARIES = YES;
				BUNDLE_LOADER = "$(TEST_HOST)";
				CODE_SIGN_STYLE = Automatic;
				CURRENT_PROJECT_VERSION = 1;
				DEAD_CODE_STRIPPING = YES;
				GENERATE_INFOPLIST_FILE = YES;
				IPHONEOS_DEPLOYMENT_TARGET = 17.0;
				MACOSX_DEPLOYMENT_TARGET = 13.6;
				MARKETING_VERSION = 1.0;
				PRODUCT_BUNDLE_IDENTIFIER = com.adrianotelesc.NotesTests;
				PRODUCT_NAME = "$(TARGET_NAME)";
				SDKROOT = auto;
				SUPPORTED_PLATFORMS = "iphoneos iphonesimulator macosx";
				SWIFT_EMIT_LOC_STRINGS = NO;
				SWIFT_VERSION = 5.0;
				TARGETED_DEVICE_FAMILY = "1,2";
				TEST_HOST = "$(BUILT_PRODUCTS_DIR)/Notes.app/$(BUNDLE_EXECUTABLE_FOLDER_PATH)/Notes";
			};
			name = Release;
		};
		7DF293CC2ABF413900414A6D /* Debug */ = {
			isa = XCBuildConfiguration;
			buildSettings = {
				ALWAYS_EMBED_SWIFT_STANDARD_LIBRARIES = YES;
				CODE_SIGN_STYLE = Automatic;
				CURRENT_PROJECT_VERSION = 1;
				DEAD_CODE_STRIPPING = YES;
				GENERATE_INFOPLIST_FILE = YES;
				IPHONEOS_DEPLOYMENT_TARGET = 17.0;
				MACOSX_DEPLOYMENT_TARGET = 13.6;
				MARKETING_VERSION = 1.0;
				PRODUCT_BUNDLE_IDENTIFIER = com.adrianotelesc.NotesUITests;
				PRODUCT_NAME = "$(TARGET_NAME)";
				SDKROOT = auto;
				SUPPORTED_PLATFORMS = "iphoneos iphonesimulator macosx";
				SWIFT_EMIT_LOC_STRINGS = NO;
				SWIFT_VERSION = 5.0;
				TARGETED_DEVICE_FAMILY = "1,2";
				TEST_TARGET_NAME = Notes;
			};
			name = Debug;
		};
		7DF293CD2ABF413900414A6D /* Release */ = {
			isa = XCBuildConfiguration;
			buildSettings = {
				ALWAYS_EMBED_SWIFT_STANDARD_LIBRARIES = YES;
				CODE_SIGN_STYLE = Automatic;
				CURRENT_PROJECT_VERSION = 1;
				DEAD_CODE_STRIPPING = YES;
				GENERATE_INFOPLIST_FILE = YES;
				IPHONEOS_DEPLOYMENT_TARGET = 17.0;
				MACOSX_DEPLOYMENT_TARGET = 13.6;
				MARKETING_VERSION = 1.0;
				PRODUCT_BUNDLE_IDENTIFIER = com.adrianotelesc.NotesUITests;
				PRODUCT_NAME = "$(TARGET_NAME)";
				SDKROOT = auto;
				SUPPORTED_PLATFORMS = "iphoneos iphonesimulator macosx";
				SWIFT_EMIT_LOC_STRINGS = NO;
				SWIFT_VERSION = 5.0;
				TARGETED_DEVICE_FAMILY = "1,2";
				TEST_TARGET_NAME = Notes;
			};
			name = Release;
		};
/* End XCBuildConfiguration section */

/* Begin XCConfigurationList section */
		7DF2939B2ABF413800414A6D /* Build configuration list for PBXProject "Notes" */ = {
			isa = XCConfigurationList;
			buildConfigurations = (
				7DF293C32ABF413900414A6D /* Debug */,
				7DF293C42ABF413900414A6D /* Release */,
			);
			defaultConfigurationIsVisible = 0;
			defaultConfigurationName = Release;
		};
		7DF293C52ABF413900414A6D /* Build configuration list for PBXNativeTarget "Notes" */ = {
			isa = XCConfigurationList;
			buildConfigurations = (
				7DF293C62ABF413900414A6D /* Debug */,
				7DF293C72ABF413900414A6D /* Release */,
			);
			defaultConfigurationIsVisible = 0;
			defaultConfigurationName = Release;
		};
		7DF293C82ABF413900414A6D /* Build configuration list for PBXNativeTarget "NotesTests" */ = {
			isa = XCConfigurationList;
			buildConfigurations = (
				7DF293C92ABF413900414A6D /* Debug */,
				7DF293CA2ABF413900414A6D /* Release */,
			);
			defaultConfigurationIsVisible = 0;
			defaultConfigurationName = Release;
		};
		7DF293CB2ABF413900414A6D /* Build configuration list for PBXNativeTarget "NotesUITests" */ = {
			isa = XCConfigurationList;
			buildConfigurations = (
				7DF293CC2ABF413900414A6D /* Debug */,
				7DF293CD2ABF413900414A6D /* Release */,
			);
			defaultConfigurationIsVisible = 0;
			defaultConfigurationName = Release;
		};
/* End XCConfigurationList section */

/* Begin XCRemoteSwiftPackageReference section */
		7D70A68C2AD6D32900856337 /* XCRemoteSwiftPackageReference "SwiftUIMasonry" */ = {
			isa = XCRemoteSwiftPackageReference;
			repositoryURL = "https://github.com/ciaranrobrien/SwiftUIMasonry";
			requirement = {
				branch = main;
				kind = branch;
			};
		};
/* End XCRemoteSwiftPackageReference section */

/* Begin XCSwiftPackageProductDependency section */
		7D70A68D2AD6D32900856337 /* SwiftUIMasonry */ = {
			isa = XCSwiftPackageProductDependency;
			package = 7D70A68C2AD6D32900856337 /* XCRemoteSwiftPackageReference "SwiftUIMasonry" */;
			productName = SwiftUIMasonry;
		};
/* End XCSwiftPackageProductDependency section */
	};
	rootObject = 7DF293982ABF413800414A6D /* Project object */;
}
